// !$*UTF8*$!
{
	archiveVersion = 1;
	classes = {
	};
	objectVersion = 50;
	objects = {

/* Begin PBXBuildFile section */
		97C639C36126F35FBD790E7B /* Pods_RPGCompendium.framework in Frameworks */ = {isa = PBXBuildFile; fileRef = 7F1DABA4D129A3E234A640A5 /* Pods_RPGCompendium.framework */; };
		BF9E66BF2236424500AE7C48 /* DataPersistenceManager.swift in Sources */ = {isa = PBXBuildFile; fileRef = BF9E66BE2236424500AE7C48 /* DataPersistenceManager.swift */; };
		BF9E66C2223642AF00AE7C48 /* UserDefaults.swift in Sources */ = {isa = PBXBuildFile; fileRef = BF9E66C1223642AF00AE7C48 /* UserDefaults.swift */; };
		BF9E66C4223642D800AE7C48 /* DataPersistenceModel.swift in Sources */ = {isa = PBXBuildFile; fileRef = BF9E66C3223642D800AE7C48 /* DataPersistenceModel.swift */; };
		BF9E66C722369CD200AE7C48 /* SpellCell.swift in Sources */ = {isa = PBXBuildFile; fileRef = BF9E66C522369CD200AE7C48 /* SpellCell.swift */; };
		BF9E66C822369CD200AE7C48 /* SpellCell.xib in Resources */ = {isa = PBXBuildFile; fileRef = BF9E66C622369CD200AE7C48 /* SpellCell.xib */; };
		BF9E66CA2236D7CE00AE7C48 /* CreateSpell.swift in Sources */ = {isa = PBXBuildFile; fileRef = BF9E66C92236D7CE00AE7C48 /* CreateSpell.swift */; };
		BF9E66CC2236D7F000AE7C48 /* CreateSpell.xib in Resources */ = {isa = PBXBuildFile; fileRef = BF9E66CB2236D7F000AE7C48 /* CreateSpell.xib */; };
		BF9E66CE2237575E00AE7C48 /* CreateSpellViewController.swift in Sources */ = {isa = PBXBuildFile; fileRef = BF9E66CD2237575E00AE7C48 /* CreateSpellViewController.swift */; };
		BF9E66DC22384D6800AE7C48 /* RPGTabBarController.swift in Sources */ = {isa = PBXBuildFile; fileRef = BF9E66DB22384D6800AE7C48 /* RPGTabBarController.swift */; };
		BF9E66DE22389F7500AE7C48 /* AlertsViewController.swift in Sources */ = {isa = PBXBuildFile; fileRef = BF9E66DD22389F7500AE7C48 /* AlertsViewController.swift */; };
		BF9E66E02238C8F400AE7C48 /* AuthService.swift in Sources */ = {isa = PBXBuildFile; fileRef = BF9E66DF2238C8F400AE7C48 /* AuthService.swift */; };
		BF9E66E22238C91400AE7C48 /* DBService.swift in Sources */ = {isa = PBXBuildFile; fileRef = BF9E66E12238C91400AE7C48 /* DBService.swift */; };
		BF9E66E42238C95300AE7C48 /* DBServiceUser.swift in Sources */ = {isa = PBXBuildFile; fileRef = BF9E66E32238C95300AE7C48 /* DBServiceUser.swift */; };
		BF9E66E62238C9A700AE7C48 /* StorageSerivce.swift in Sources */ = {isa = PBXBuildFile; fileRef = BF9E66E52238C9A700AE7C48 /* StorageSerivce.swift */; };
		BF9E66E82238CA0800AE7C48 /* DBSerivceCharacter.swift in Sources */ = {isa = PBXBuildFile; fileRef = BF9E66E72238CA0800AE7C48 /* DBSerivceCharacter.swift */; };
		BF9E66EA2238CA8900AE7C48 /* Player.swift in Sources */ = {isa = PBXBuildFile; fileRef = BF9E66E92238CA8900AE7C48 /* Player.swift */; };
		BF9E66EC2238CCF200AE7C48 /* CharacterSpell.swift in Sources */ = {isa = PBXBuildFile; fileRef = BF9E66EB2238CCF200AE7C48 /* CharacterSpell.swift */; };
		BF9E66F02238D68900AE7C48 /* DateExtentions.swift in Sources */ = {isa = PBXBuildFile; fileRef = BF9E66EF2238D68900AE7C48 /* DateExtentions.swift */; };
		BF9E66F52238E62B00AE7C48 /* LoginViewController.swift in Sources */ = {isa = PBXBuildFile; fileRef = BF9E66F42238E62B00AE7C48 /* LoginViewController.swift */; };
		BF9E66F72238E63E00AE7C48 /* CreateAccountViewController.swift in Sources */ = {isa = PBXBuildFile; fileRef = BF9E66F62238E63E00AE7C48 /* CreateAccountViewController.swift */; };
		BF9E66FA2238E7C100AE7C48 /* LogIn.storyboard in Resources */ = {isa = PBXBuildFile; fileRef = BF9E66F92238E7C100AE7C48 /* LogIn.storyboard */; };
		BFC1FF1B2224821800F0B13D /* GoogleService-Info.plist in Resources */ = {isa = PBXBuildFile; fileRef = BFC1FF1A2224821800F0B13D /* GoogleService-Info.plist */; };
		BFC1FF1D22248F5100F0B13D /* NetworkHelper.swift in Sources */ = {isa = PBXBuildFile; fileRef = BFC1FF1C22248F5100F0B13D /* NetworkHelper.swift */; };
		BFC1FF1F22248FE200F0B13D /* AppError.swift in Sources */ = {isa = PBXBuildFile; fileRef = BFC1FF1E22248FE200F0B13D /* AppError.swift */; };
		BFC1FF24222854F000F0B13D /* Spell.swift in Sources */ = {isa = PBXBuildFile; fileRef = BFC1FF23222854F000F0B13D /* Spell.swift */; };
		BFC1FF27222857E700F0B13D /* Condition.swift in Sources */ = {isa = PBXBuildFile; fileRef = BFC1FF26222857E700F0B13D /* Condition.swift */; };
		BFC1FF292228595900F0B13D /* Race.swift in Sources */ = {isa = PBXBuildFile; fileRef = BFC1FF282228595900F0B13D /* Race.swift */; };
		BFC1FF2D22285D0D00F0B13D /* Job.swift in Sources */ = {isa = PBXBuildFile; fileRef = BFC1FF2C22285D0D00F0B13D /* Job.swift */; };
		BFC1FF2F2228740B00F0B13D /* APIClient.swift in Sources */ = {isa = PBXBuildFile; fileRef = BFC1FF2E2228740B00F0B13D /* APIClient.swift */; };
		BFC1FF35222D7BCF00F0B13D /* CharacterSpellsControllerViewController.swift in Sources */ = {isa = PBXBuildFile; fileRef = BFC1FF34222D7BCF00F0B13D /* CharacterSpellsControllerViewController.swift */; };
		BFC1FF37222D843000F0B13D /* CharacterStatsController.swift in Sources */ = {isa = PBXBuildFile; fileRef = BFC1FF36222D843000F0B13D /* CharacterStatsController.swift */; };
		BFC1FF3B222D994300F0B13D /* characterPageViewController.swift in Sources */ = {isa = PBXBuildFile; fileRef = BFC1FF3A222D994300F0B13D /* characterPageViewController.swift */; };
		BFC1FF3E2232397C00F0B13D /* SpellListViewController.swift in Sources */ = {isa = PBXBuildFile; fileRef = BFC1FF3D2232397C00F0B13D /* SpellListViewController.swift */; };
		BFC1FF412232C7ED00F0B13D /* SpellDetailViewController.swift in Sources */ = {isa = PBXBuildFile; fileRef = BFC1FF402232C7ED00F0B13D /* SpellDetailViewController.swift */; };
		BFECFE8D220CD6E9001A4ABE /* AppDelegate.swift in Sources */ = {isa = PBXBuildFile; fileRef = BFECFE8C220CD6E9001A4ABE /* AppDelegate.swift */; };
		BFECFE8F220CD6E9001A4ABE /* InitiativeViewController.swift in Sources */ = {isa = PBXBuildFile; fileRef = BFECFE8E220CD6E9001A4ABE /* InitiativeViewController.swift */; };
		BFECFE92220CD6E9001A4ABE /* Main.storyboard in Resources */ = {isa = PBXBuildFile; fileRef = BFECFE90220CD6E9001A4ABE /* Main.storyboard */; };
		BFECFE94220CD6EA001A4ABE /* Assets.xcassets in Resources */ = {isa = PBXBuildFile; fileRef = BFECFE93220CD6EA001A4ABE /* Assets.xcassets */; };
		BFECFE97220CD6EA001A4ABE /* LaunchScreen.storyboard in Resources */ = {isa = PBXBuildFile; fileRef = BFECFE95220CD6EA001A4ABE /* LaunchScreen.storyboard */; };
/* End PBXBuildFile section */

/* Begin PBXFileReference section */
		4CC5A0BEA545055B070E7A5F /* Pods-RPGCompendium.release.xcconfig */ = {isa = PBXFileReference; includeInIndex = 1; lastKnownFileType = text.xcconfig; name = "Pods-RPGCompendium.release.xcconfig"; path = "Target Support Files/Pods-RPGCompendium/Pods-RPGCompendium.release.xcconfig"; sourceTree = "<group>"; };
		7F1DABA4D129A3E234A640A5 /* Pods_RPGCompendium.framework */ = {isa = PBXFileReference; explicitFileType = wrapper.framework; includeInIndex = 0; path = Pods_RPGCompendium.framework; sourceTree = BUILT_PRODUCTS_DIR; };
		BF9E66BE2236424500AE7C48 /* DataPersistenceManager.swift */ = {isa = PBXFileReference; lastKnownFileType = sourcecode.swift; path = DataPersistenceManager.swift; sourceTree = "<group>"; };
		BF9E66C1223642AF00AE7C48 /* UserDefaults.swift */ = {isa = PBXFileReference; lastKnownFileType = sourcecode.swift; path = UserDefaults.swift; sourceTree = "<group>"; };
		BF9E66C3223642D800AE7C48 /* DataPersistenceModel.swift */ = {isa = PBXFileReference; lastKnownFileType = sourcecode.swift; path = DataPersistenceModel.swift; sourceTree = "<group>"; };
		BF9E66C522369CD200AE7C48 /* SpellCell.swift */ = {isa = PBXFileReference; lastKnownFileType = sourcecode.swift; path = SpellCell.swift; sourceTree = "<group>"; };
		BF9E66C622369CD200AE7C48 /* SpellCell.xib */ = {isa = PBXFileReference; lastKnownFileType = file.xib; path = SpellCell.xib; sourceTree = "<group>"; };
		BF9E66C92236D7CE00AE7C48 /* CreateSpell.swift */ = {isa = PBXFileReference; lastKnownFileType = sourcecode.swift; path = CreateSpell.swift; sourceTree = "<group>"; };
		BF9E66CB2236D7F000AE7C48 /* CreateSpell.xib */ = {isa = PBXFileReference; lastKnownFileType = file.xib; path = CreateSpell.xib; sourceTree = "<group>"; };
		BF9E66CD2237575E00AE7C48 /* CreateSpellViewController.swift */ = {isa = PBXFileReference; lastKnownFileType = sourcecode.swift; path = CreateSpellViewController.swift; sourceTree = "<group>"; };
		BF9E66DB22384D6800AE7C48 /* RPGTabBarController.swift */ = {isa = PBXFileReference; lastKnownFileType = sourcecode.swift; path = RPGTabBarController.swift; sourceTree = "<group>"; };
		BF9E66DD22389F7500AE7C48 /* AlertsViewController.swift */ = {isa = PBXFileReference; lastKnownFileType = sourcecode.swift; name = AlertsViewController.swift; path = Controller/AlertsViewController.swift; sourceTree = "<group>"; };
		BF9E66DF2238C8F400AE7C48 /* AuthService.swift */ = {isa = PBXFileReference; lastKnownFileType = sourcecode.swift; path = AuthService.swift; sourceTree = "<group>"; };
		BF9E66E12238C91400AE7C48 /* DBService.swift */ = {isa = PBXFileReference; lastKnownFileType = sourcecode.swift; path = DBService.swift; sourceTree = "<group>"; };
		BF9E66E32238C95300AE7C48 /* DBServiceUser.swift */ = {isa = PBXFileReference; lastKnownFileType = sourcecode.swift; path = DBServiceUser.swift; sourceTree = "<group>"; };
		BF9E66E52238C9A700AE7C48 /* StorageSerivce.swift */ = {isa = PBXFileReference; lastKnownFileType = sourcecode.swift; path = StorageSerivce.swift; sourceTree = "<group>"; };
		BF9E66E72238CA0800AE7C48 /* DBSerivceCharacter.swift */ = {isa = PBXFileReference; lastKnownFileType = sourcecode.swift; path = DBSerivceCharacter.swift; sourceTree = "<group>"; };
		BF9E66E92238CA8900AE7C48 /* Player.swift */ = {isa = PBXFileReference; lastKnownFileType = sourcecode.swift; path = Player.swift; sourceTree = "<group>"; };
		BF9E66EB2238CCF200AE7C48 /* CharacterSpell.swift */ = {isa = PBXFileReference; lastKnownFileType = sourcecode.swift; path = CharacterSpell.swift; sourceTree = "<group>"; };
		BF9E66EF2238D68900AE7C48 /* DateExtentions.swift */ = {isa = PBXFileReference; lastKnownFileType = sourcecode.swift; path = DateExtentions.swift; sourceTree = "<group>"; };
		BF9E66F42238E62B00AE7C48 /* LoginViewController.swift */ = {isa = PBXFileReference; lastKnownFileType = sourcecode.swift; path = LoginViewController.swift; sourceTree = "<group>"; };
		BF9E66F62238E63E00AE7C48 /* CreateAccountViewController.swift */ = {isa = PBXFileReference; lastKnownFileType = sourcecode.swift; path = CreateAccountViewController.swift; sourceTree = "<group>"; };
		BF9E66F92238E7C100AE7C48 /* LogIn.storyboard */ = {isa = PBXFileReference; lastKnownFileType = file.storyboard; path = LogIn.storyboard; sourceTree = "<group>"; };
		BFC1FF1A2224821800F0B13D /* GoogleService-Info.plist */ = {isa = PBXFileReference; fileEncoding = 4; lastKnownFileType = text.plist.xml; path = "GoogleService-Info.plist"; sourceTree = "<group>"; };
		BFC1FF1C22248F5100F0B13D /* NetworkHelper.swift */ = {isa = PBXFileReference; lastKnownFileType = sourcecode.swift; path = NetworkHelper.swift; sourceTree = "<group>"; };
		BFC1FF1E22248FE200F0B13D /* AppError.swift */ = {isa = PBXFileReference; lastKnownFileType = sourcecode.swift; path = AppError.swift; sourceTree = "<group>"; };
		BFC1FF23222854F000F0B13D /* Spell.swift */ = {isa = PBXFileReference; lastKnownFileType = sourcecode.swift; path = Spell.swift; sourceTree = "<group>"; };
		BFC1FF26222857E700F0B13D /* Condition.swift */ = {isa = PBXFileReference; lastKnownFileType = sourcecode.swift; path = Condition.swift; sourceTree = "<group>"; };
		BFC1FF282228595900F0B13D /* Race.swift */ = {isa = PBXFileReference; lastKnownFileType = sourcecode.swift; path = Race.swift; sourceTree = "<group>"; };
		BFC1FF2C22285D0D00F0B13D /* Job.swift */ = {isa = PBXFileReference; lastKnownFileType = sourcecode.swift; path = Job.swift; sourceTree = "<group>"; };
		BFC1FF2E2228740B00F0B13D /* APIClient.swift */ = {isa = PBXFileReference; lastKnownFileType = sourcecode.swift; path = APIClient.swift; sourceTree = "<group>"; };
		BFC1FF34222D7BCF00F0B13D /* CharacterSpellsControllerViewController.swift */ = {isa = PBXFileReference; lastKnownFileType = sourcecode.swift; path = CharacterSpellsControllerViewController.swift; sourceTree = "<group>"; };
		BFC1FF36222D843000F0B13D /* CharacterStatsController.swift */ = {isa = PBXFileReference; lastKnownFileType = sourcecode.swift; path = CharacterStatsController.swift; sourceTree = "<group>"; };
		BFC1FF3A222D994300F0B13D /* characterPageViewController.swift */ = {isa = PBXFileReference; lastKnownFileType = sourcecode.swift; path = characterPageViewController.swift; sourceTree = "<group>"; };
		BFC1FF3D2232397C00F0B13D /* SpellListViewController.swift */ = {isa = PBXFileReference; lastKnownFileType = sourcecode.swift; path = SpellListViewController.swift; sourceTree = "<group>"; };
		BFC1FF402232C7ED00F0B13D /* SpellDetailViewController.swift */ = {isa = PBXFileReference; lastKnownFileType = sourcecode.swift; path = SpellDetailViewController.swift; sourceTree = "<group>"; };
		BFECFE89220CD6E9001A4ABE /* RPGCompendium.app */ = {isa = PBXFileReference; explicitFileType = wrapper.application; includeInIndex = 0; path = RPGCompendium.app; sourceTree = BUILT_PRODUCTS_DIR; };
		BFECFE8C220CD6E9001A4ABE /* AppDelegate.swift */ = {isa = PBXFileReference; lastKnownFileType = sourcecode.swift; path = AppDelegate.swift; sourceTree = "<group>"; };
		BFECFE8E220CD6E9001A4ABE /* InitiativeViewController.swift */ = {isa = PBXFileReference; lastKnownFileType = sourcecode.swift; path = InitiativeViewController.swift; sourceTree = "<group>"; };
		BFECFE91220CD6E9001A4ABE /* Base */ = {isa = PBXFileReference; lastKnownFileType = file.storyboard; name = Base; path = Base.lproj/Main.storyboard; sourceTree = "<group>"; };
		BFECFE93220CD6EA001A4ABE /* Assets.xcassets */ = {isa = PBXFileReference; lastKnownFileType = folder.assetcatalog; path = Assets.xcassets; sourceTree = "<group>"; };
		BFECFE96220CD6EA001A4ABE /* Base */ = {isa = PBXFileReference; lastKnownFileType = file.storyboard; name = Base; path = Base.lproj/LaunchScreen.storyboard; sourceTree = "<group>"; };
		BFECFE98220CD6EA001A4ABE /* Info.plist */ = {isa = PBXFileReference; lastKnownFileType = text.plist.xml; path = Info.plist; sourceTree = "<group>"; };
		F449324EAF7CDC44C9E50352 /* Pods-RPGCompendium.debug.xcconfig */ = {isa = PBXFileReference; includeInIndex = 1; lastKnownFileType = text.xcconfig; name = "Pods-RPGCompendium.debug.xcconfig"; path = "Target Support Files/Pods-RPGCompendium/Pods-RPGCompendium.debug.xcconfig"; sourceTree = "<group>"; };
/* End PBXFileReference section */

/* Begin PBXFrameworksBuildPhase section */
		BFECFE86220CD6E9001A4ABE /* Frameworks */ = {
			isa = PBXFrameworksBuildPhase;
			buildActionMask = 2147483647;
			files = (
				97C639C36126F35FBD790E7B /* Pods_RPGCompendium.framework in Frameworks */,
			);
			runOnlyForDeploymentPostprocessing = 0;
		};
/* End PBXFrameworksBuildPhase section */

/* Begin PBXGroup section */
		2DB520A6F24659D2EBCC2CC9 /* Frameworks */ = {
			isa = PBXGroup;
			children = (
				7F1DABA4D129A3E234A640A5 /* Pods_RPGCompendium.framework */,
			);
			name = Frameworks;
			sourceTree = "<group>";
		};
		3951C4694C5A26FAE1E5F39C /* Pods */ = {
			isa = PBXGroup;
			children = (
				F449324EAF7CDC44C9E50352 /* Pods-RPGCompendium.debug.xcconfig */,
				4CC5A0BEA545055B070E7A5F /* Pods-RPGCompendium.release.xcconfig */,
			);
			path = Pods;
			sourceTree = "<group>";
		};
		BF9E66B42235D0EB00AE7C48 /* FireBase Utilities */ = {
			isa = PBXGroup;
			children = (
				BF9E66DF2238C8F400AE7C48 /* AuthService.swift */,
				BF9E66E12238C91400AE7C48 /* DBService.swift */,
				BF9E66E32238C95300AE7C48 /* DBServiceUser.swift */,
				BF9E66E72238CA0800AE7C48 /* DBSerivceCharacter.swift */,
				BF9E66E52238C9A700AE7C48 /* StorageSerivce.swift */,
			);
			path = "FireBase Utilities";
			sourceTree = "<group>";
		};
		BF9E66C02236424B00AE7C48 /* FileManagerHelpers */ = {
			isa = PBXGroup;
			children = (
				BF9E66BE2236424500AE7C48 /* DataPersistenceManager.swift */,
				BF9E66C1223642AF00AE7C48 /* UserDefaults.swift */,
				BF9E66C3223642D800AE7C48 /* DataPersistenceModel.swift */,
			);
			path = FileManagerHelpers;
			sourceTree = "<group>";
		};
		BF9E66F12238D69500AE7C48 /* DateExtentions */ = {
			isa = PBXGroup;
			children = (
				BF9E66EF2238D68900AE7C48 /* DateExtentions.swift */,
			);
			path = DateExtentions;
			sourceTree = "<group>";
		};
		BF9E66F82238E64A00AE7C48 /* LogIn */ = {
			isa = PBXGroup;
			children = (
				BF9E66F42238E62B00AE7C48 /* LoginViewController.swift */,
				BF9E66F62238E63E00AE7C48 /* CreateAccountViewController.swift */,
			);
			path = LogIn;
			sourceTree = "<group>";
		};
		BFC1FF2222249D0B00F0B13D /* NetworkServices */ = {
			isa = PBXGroup;
			children = (
				BFC1FF1E22248FE200F0B13D /* AppError.swift */,
				BFC1FF1C22248F5100F0B13D /* NetworkHelper.swift */,
				BFC1FF2E2228740B00F0B13D /* APIClient.swift */,
			);
			path = NetworkServices;
			sourceTree = "<group>";
		};
		BFC1FF252228551200F0B13D /* Model */ = {
			isa = PBXGroup;
			children = (
				BFC1FF23222854F000F0B13D /* Spell.swift */,
				BFC1FF26222857E700F0B13D /* Condition.swift */,
				BFC1FF282228595900F0B13D /* Race.swift */,
				BFC1FF2C22285D0D00F0B13D /* Job.swift */,
				BF9E66E92238CA8900AE7C48 /* Player.swift */,
				BF9E66EB2238CCF200AE7C48 /* CharacterSpell.swift */,
			);
			path = Model;
			sourceTree = "<group>";
		};
		BFC1FF32222D772900F0B13D /* View */ = {
			isa = PBXGroup;
			children = (
				BF9E66C522369CD200AE7C48 /* SpellCell.swift */,
				BF9E66C622369CD200AE7C48 /* SpellCell.xib */,
				BF9E66C92236D7CE00AE7C48 /* CreateSpell.swift */,
				BF9E66CB2236D7F000AE7C48 /* CreateSpell.xib */,
			);
			path = View;
			sourceTree = "<group>";
		};
		BFC1FF33222D7B7E00F0B13D /* Controller */ = {
			isa = PBXGroup;
			children = (
				BFECFE8E220CD6E9001A4ABE /* InitiativeViewController.swift */,
				BFC1FF3C2232394B00F0B13D /* Character */,
				BFC1FF3F2232398700F0B13D /* Reference */,
				BF9E66DB22384D6800AE7C48 /* RPGTabBarController.swift */,
				BF9E66F82238E64A00AE7C48 /* LogIn */,
			);
			path = Controller;
			sourceTree = "<group>";
		};
		BFC1FF3C2232394B00F0B13D /* Character */ = {
			isa = PBXGroup;
			children = (
				BFC1FF36222D843000F0B13D /* CharacterStatsController.swift */,
				BFC1FF34222D7BCF00F0B13D /* CharacterSpellsControllerViewController.swift */,
				BFC1FF3A222D994300F0B13D /* characterPageViewController.swift */,
			);
			path = Character;
			sourceTree = "<group>";
		};
		BFC1FF3F2232398700F0B13D /* Reference */ = {
			isa = PBXGroup;
			children = (
				BFC1FF3D2232397C00F0B13D /* SpellListViewController.swift */,
				BFC1FF402232C7ED00F0B13D /* SpellDetailViewController.swift */,
				BF9E66CD2237575E00AE7C48 /* CreateSpellViewController.swift */,
			);
			path = Reference;
			sourceTree = "<group>";
		};
		BFECFE80220CD6E9001A4ABE = {
			isa = PBXGroup;
			children = (
				BFECFE8B220CD6E9001A4ABE /* RPGCompendium */,
				BFECFE8A220CD6E9001A4ABE /* Products */,
				3951C4694C5A26FAE1E5F39C /* Pods */,
				2DB520A6F24659D2EBCC2CC9 /* Frameworks */,
			);
			sourceTree = "<group>";
		};
		BFECFE8A220CD6E9001A4ABE /* Products */ = {
			isa = PBXGroup;
			children = (
				BFECFE89220CD6E9001A4ABE /* RPGCompendium.app */,
			);
			name = Products;
			sourceTree = "<group>";
		};
		BFECFE8B220CD6E9001A4ABE /* RPGCompendium */ = {
			isa = PBXGroup;
			children = (
				BFECFE8C220CD6E9001A4ABE /* AppDelegate.swift */,
				BF9E66C02236424B00AE7C48 /* FileManagerHelpers */,
				BFC1FF2222249D0B00F0B13D /* NetworkServices */,
				BF9E66B42235D0EB00AE7C48 /* FireBase Utilities */,
				BFC1FF252228551200F0B13D /* Model */,
				BFC1FF32222D772900F0B13D /* View */,
				BFC1FF33222D7B7E00F0B13D /* Controller */,
				BFECFE90220CD6E9001A4ABE /* Main.storyboard */,
				BF9E66F92238E7C100AE7C48 /* LogIn.storyboard */,
				BFECFE93220CD6EA001A4ABE /* Assets.xcassets */,
				BFECFE95220CD6EA001A4ABE /* LaunchScreen.storyboard */,
				BFECFE98220CD6EA001A4ABE /* Info.plist */,
				BFC1FF1A2224821800F0B13D /* GoogleService-Info.plist */,
				BF9E66DD22389F7500AE7C48 /* AlertsViewController.swift */,
				BF9E66F12238D69500AE7C48 /* DateExtentions */,
			);
			path = RPGCompendium;
			sourceTree = "<group>";
		};
/* End PBXGroup section */

/* Begin PBXNativeTarget section */
		BFECFE88220CD6E9001A4ABE /* RPGCompendium */ = {
			isa = PBXNativeTarget;
			buildConfigurationList = BFECFE9B220CD6EA001A4ABE /* Build configuration list for PBXNativeTarget "RPGCompendium" */;
			buildPhases = (
				71BCE49DDFFD907C6BABA2CB /* [CP] Check Pods Manifest.lock */,
				BFECFE85220CD6E9001A4ABE /* Sources */,
				BFECFE86220CD6E9001A4ABE /* Frameworks */,
				BFECFE87220CD6E9001A4ABE /* Resources */,
				AF7D39AC6B3504536A2EE264 /* [CP] Embed Pods Frameworks */,
			);
			buildRules = (
			);
			dependencies = (
			);
			name = RPGCompendium;
			productName = RPGCompendium;
			productReference = BFECFE89220CD6E9001A4ABE /* RPGCompendium.app */;
			productType = "com.apple.product-type.application";
		};
/* End PBXNativeTarget section */

/* Begin PBXProject section */
		BFECFE81220CD6E9001A4ABE /* Project object */ = {
			isa = PBXProject;
			attributes = {
				LastSwiftUpdateCheck = 1010;
				LastUpgradeCheck = 1010;
				ORGANIZATIONNAME = "Pritesh Nadiadhara";
				TargetAttributes = {
					BFECFE88220CD6E9001A4ABE = {
						CreatedOnToolsVersion = 10.1;
					};
				};
			};
			buildConfigurationList = BFECFE84220CD6E9001A4ABE /* Build configuration list for PBXProject "RPGCompendium" */;
			compatibilityVersion = "Xcode 9.3";
			developmentRegion = en;
			hasScannedForEncodings = 0;
			knownRegions = (
				en,
				Base,
			);
			mainGroup = BFECFE80220CD6E9001A4ABE;
			productRefGroup = BFECFE8A220CD6E9001A4ABE /* Products */;
			projectDirPath = "";
			projectRoot = "";
			targets = (
				BFECFE88220CD6E9001A4ABE /* RPGCompendium */,
			);
		};
/* End PBXProject section */

/* Begin PBXResourcesBuildPhase section */
		BFECFE87220CD6E9001A4ABE /* Resources */ = {
			isa = PBXResourcesBuildPhase;
			buildActionMask = 2147483647;
			files = (
				BF9E66FA2238E7C100AE7C48 /* LogIn.storyboard in Resources */,
				BF9E66CC2236D7F000AE7C48 /* CreateSpell.xib in Resources */,
				BFECFE97220CD6EA001A4ABE /* LaunchScreen.storyboard in Resources */,
				BFC1FF1B2224821800F0B13D /* GoogleService-Info.plist in Resources */,
				BFECFE94220CD6EA001A4ABE /* Assets.xcassets in Resources */,
				BF9E66C822369CD200AE7C48 /* SpellCell.xib in Resources */,
				BFECFE92220CD6E9001A4ABE /* Main.storyboard in Resources */,
			);
			runOnlyForDeploymentPostprocessing = 0;
		};
/* End PBXResourcesBuildPhase section */

/* Begin PBXShellScriptBuildPhase section */
		71BCE49DDFFD907C6BABA2CB /* [CP] Check Pods Manifest.lock */ = {
			isa = PBXShellScriptBuildPhase;
			buildActionMask = 2147483647;
			files = (
			);
			inputFileListPaths = (
			);
			inputPaths = (
				"${PODS_PODFILE_DIR_PATH}/Podfile.lock",
				"${PODS_ROOT}/Manifest.lock",
			);
			name = "[CP] Check Pods Manifest.lock";
			outputFileListPaths = (
			);
			outputPaths = (
				"$(DERIVED_FILE_DIR)/Pods-RPGCompendium-checkManifestLockResult.txt",
			);
			runOnlyForDeploymentPostprocessing = 0;
			shellPath = /bin/sh;
			shellScript = "diff \"${PODS_PODFILE_DIR_PATH}/Podfile.lock\" \"${PODS_ROOT}/Manifest.lock\" > /dev/null\nif [ $? != 0 ] ; then\n    # print error to STDERR\n    echo \"error: The sandbox is not in sync with the Podfile.lock. Run 'pod install' or update your CocoaPods installation.\" >&2\n    exit 1\nfi\n# This output is used by Xcode 'outputs' to avoid re-running this script phase.\necho \"SUCCESS\" > \"${SCRIPT_OUTPUT_FILE_0}\"\n";
			showEnvVarsInLog = 0;
		};
		AF7D39AC6B3504536A2EE264 /* [CP] Embed Pods Frameworks */ = {
			isa = PBXShellScriptBuildPhase;
			buildActionMask = 2147483647;
			files = (
			);
			inputFileListPaths = (
			);
			inputPaths = (
				"${PODS_ROOT}/Target Support Files/Pods-RPGCompendium/Pods-RPGCompendium-frameworks.sh",
				"${BUILT_PRODUCTS_DIR}/BoringSSL-GRPC/openssl_grpc.framework",
				"${BUILT_PRODUCTS_DIR}/GTMSessionFetcher/GTMSessionFetcher.framework",
				"${BUILT_PRODUCTS_DIR}/GoogleUtilities/GoogleUtilities.framework",
				"${BUILT_PRODUCTS_DIR}/Protobuf/Protobuf.framework",
				"${BUILT_PRODUCTS_DIR}/gRPC-C++/grpcpp.framework",
				"${BUILT_PRODUCTS_DIR}/gRPC-Core/grpc.framework",
				"${BUILT_PRODUCTS_DIR}/leveldb-library/leveldb.framework",
				"${BUILT_PRODUCTS_DIR}/nanopb/nanopb.framework",
			);
			name = "[CP] Embed Pods Frameworks";
			outputFileListPaths = (
			);
			outputPaths = (
				"${TARGET_BUILD_DIR}/${FRAMEWORKS_FOLDER_PATH}/openssl_grpc.framework",
				"${TARGET_BUILD_DIR}/${FRAMEWORKS_FOLDER_PATH}/GTMSessionFetcher.framework",
				"${TARGET_BUILD_DIR}/${FRAMEWORKS_FOLDER_PATH}/GoogleUtilities.framework",
				"${TARGET_BUILD_DIR}/${FRAMEWORKS_FOLDER_PATH}/Protobuf.framework",
				"${TARGET_BUILD_DIR}/${FRAMEWORKS_FOLDER_PATH}/grpcpp.framework",
				"${TARGET_BUILD_DIR}/${FRAMEWORKS_FOLDER_PATH}/grpc.framework",
				"${TARGET_BUILD_DIR}/${FRAMEWORKS_FOLDER_PATH}/leveldb.framework",
				"${TARGET_BUILD_DIR}/${FRAMEWORKS_FOLDER_PATH}/nanopb.framework",
			);
			runOnlyForDeploymentPostprocessing = 0;
			shellPath = /bin/sh;
			shellScript = "\"${PODS_ROOT}/Target Support Files/Pods-RPGCompendium/Pods-RPGCompendium-frameworks.sh\"\n";
			showEnvVarsInLog = 0;
		};
/* End PBXShellScriptBuildPhase section */

/* Begin PBXSourcesBuildPhase section */
		BFECFE85220CD6E9001A4ABE /* Sources */ = {
			isa = PBXSourcesBuildPhase;
			buildActionMask = 2147483647;
			files = (
				BFC1FF24222854F000F0B13D /* Spell.swift in Sources */,
				BF9E66E02238C8F400AE7C48 /* AuthService.swift in Sources */,
				BFC1FF292228595900F0B13D /* Race.swift in Sources */,
				BFC1FF412232C7ED00F0B13D /* SpellDetailViewController.swift in Sources */,
				BF9E66EA2238CA8900AE7C48 /* Player.swift in Sources */,
				BF9E66C4223642D800AE7C48 /* DataPersistenceModel.swift in Sources */,
				BF9E66C722369CD200AE7C48 /* SpellCell.swift in Sources */,
				BFC1FF27222857E700F0B13D /* Condition.swift in Sources */,
				BF9E66C2223642AF00AE7C48 /* UserDefaults.swift in Sources */,
				BF9E66CE2237575E00AE7C48 /* CreateSpellViewController.swift in Sources */,
				BF9E66E62238C9A700AE7C48 /* StorageSerivce.swift in Sources */,
				BFC1FF3B222D994300F0B13D /* characterPageViewController.swift in Sources */,
				BF9E66E82238CA0800AE7C48 /* DBSerivceCharacter.swift in Sources */,
				BF9E66F52238E62B00AE7C48 /* LoginViewController.swift in Sources */,
				BF9E66DE22389F7500AE7C48 /* AlertsViewController.swift in Sources */,
				BFC1FF1F22248FE200F0B13D /* AppError.swift in Sources */,
				BF9E66BF2236424500AE7C48 /* DataPersistenceManager.swift in Sources */,
				BFECFE8F220CD6E9001A4ABE /* InitiativeViewController.swift in Sources */,
				BF9E66DC22384D6800AE7C48 /* RPGTabBarController.swift in Sources */,
				BF9E66F02238D68900AE7C48 /* DateExtentions.swift in Sources */,
				BF9E66F72238E63E00AE7C48 /* CreateAccountViewController.swift in Sources */,
				BFC1FF37222D843000F0B13D /* CharacterStatsController.swift in Sources */,
				BF9E66CA2236D7CE00AE7C48 /* CreateSpell.swift in Sources */,
				BF9E66E22238C91400AE7C48 /* DBService.swift in Sources */,
				BF9E66EC2238CCF200AE7C48 /* CharacterSpell.swift in Sources */,
				BFC1FF1D22248F5100F0B13D /* NetworkHelper.swift in Sources */,
				BFECFE8D220CD6E9001A4ABE /* AppDelegate.swift in Sources */,
				BFC1FF2D22285D0D00F0B13D /* Job.swift in Sources */,
				BFC1FF2F2228740B00F0B13D /* APIClient.swift in Sources */,
				BFC1FF35222D7BCF00F0B13D /* CharacterSpellsControllerViewController.swift in Sources */,
				BF9E66E42238C95300AE7C48 /* DBServiceUser.swift in Sources */,
				BFC1FF3E2232397C00F0B13D /* SpellListViewController.swift in Sources */,
			);
			runOnlyForDeploymentPostprocessing = 0;
		};
/* End PBXSourcesBuildPhase section */

/* Begin PBXVariantGroup section */
		BFECFE90220CD6E9001A4ABE /* Main.storyboard */ = {
			isa = PBXVariantGroup;
			children = (
				BFECFE91220CD6E9001A4ABE /* Base */,
			);
			name = Main.storyboard;
			sourceTree = "<group>";
		};
		BFECFE95220CD6EA001A4ABE /* LaunchScreen.storyboard */ = {
			isa = PBXVariantGroup;
			children = (
				BFECFE96220CD6EA001A4ABE /* Base */,
			);
			name = LaunchScreen.storyboard;
			sourceTree = "<group>";
		};
/* End PBXVariantGroup section */

/* Begin XCBuildConfiguration section */
		BFECFE99220CD6EA001A4ABE /* Debug */ = {
			isa = XCBuildConfiguration;
			buildSettings = {
				ALWAYS_SEARCH_USER_PATHS = NO;
				CLANG_ANALYZER_NONNULL = YES;
				CLANG_ANALYZER_NUMBER_OBJECT_CONVERSION = YES_AGGRESSIVE;
				CLANG_CXX_LANGUAGE_STANDARD = "gnu++14";
				CLANG_CXX_LIBRARY = "libc++";
				CLANG_ENABLE_MODULES = YES;
				CLANG_ENABLE_OBJC_ARC = YES;
				CLANG_ENABLE_OBJC_WEAK = YES;
				CLANG_WARN_BLOCK_CAPTURE_AUTORELEASING = YES;
				CLANG_WARN_BOOL_CONVERSION = YES;
				CLANG_WARN_COMMA = YES;
				CLANG_WARN_CONSTANT_CONVERSION = YES;
				CLANG_WARN_DEPRECATED_OBJC_IMPLEMENTATIONS = YES;
				CLANG_WARN_DIRECT_OBJC_ISA_USAGE = YES_ERROR;
				CLANG_WARN_DOCUMENTATION_COMMENTS = YES;
				CLANG_WARN_EMPTY_BODY = YES;
				CLANG_WARN_ENUM_CONVERSION = YES;
				CLANG_WARN_INFINITE_RECURSION = YES;
				CLANG_WARN_INT_CONVERSION = YES;
				CLANG_WARN_NON_LITERAL_NULL_CONVERSION = YES;
				CLANG_WARN_OBJC_IMPLICIT_RETAIN_SELF = YES;
				CLANG_WARN_OBJC_LITERAL_CONVERSION = YES;
				CLANG_WARN_OBJC_ROOT_CLASS = YES_ERROR;
				CLANG_WARN_RANGE_LOOP_ANALYSIS = YES;
				CLANG_WARN_STRICT_PROTOTYPES = YES;
				CLANG_WARN_SUSPICIOUS_MOVE = YES;
				CLANG_WARN_UNGUARDED_AVAILABILITY = YES_AGGRESSIVE;
				CLANG_WARN_UNREACHABLE_CODE = YES;
				CLANG_WARN__DUPLICATE_METHOD_MATCH = YES;
				CODE_SIGN_IDENTITY = "iPhone Developer";
				COPY_PHASE_STRIP = NO;
				DEBUG_INFORMATION_FORMAT = dwarf;
				ENABLE_STRICT_OBJC_MSGSEND = YES;
				ENABLE_TESTABILITY = YES;
				GCC_C_LANGUAGE_STANDARD = gnu11;
				GCC_DYNAMIC_NO_PIC = NO;
				GCC_NO_COMMON_BLOCKS = YES;
				GCC_OPTIMIZATION_LEVEL = 0;
				GCC_PREPROCESSOR_DEFINITIONS = (
					"DEBUG=1",
					"$(inherited)",
				);
				GCC_WARN_64_TO_32_BIT_CONVERSION = YES;
				GCC_WARN_ABOUT_RETURN_TYPE = YES_ERROR;
				GCC_WARN_UNDECLARED_SELECTOR = YES;
				GCC_WARN_UNINITIALIZED_AUTOS = YES_AGGRESSIVE;
				GCC_WARN_UNUSED_FUNCTION = YES;
				GCC_WARN_UNUSED_VARIABLE = YES;
				IPHONEOS_DEPLOYMENT_TARGET = 12.1;
				MTL_ENABLE_DEBUG_INFO = INCLUDE_SOURCE;
				MTL_FAST_MATH = YES;
				ONLY_ACTIVE_ARCH = YES;
				SDKROOT = iphoneos;
				SWIFT_ACTIVE_COMPILATION_CONDITIONS = DEBUG;
				SWIFT_OPTIMIZATION_LEVEL = "-Onone";
			};
			name = Debug;
		};
		BFECFE9A220CD6EA001A4ABE /* Release */ = {
			isa = XCBuildConfiguration;
			buildSettings = {
				ALWAYS_SEARCH_USER_PATHS = NO;
				CLANG_ANALYZER_NONNULL = YES;
				CLANG_ANALYZER_NUMBER_OBJECT_CONVERSION = YES_AGGRESSIVE;
				CLANG_CXX_LANGUAGE_STANDARD = "gnu++14";
				CLANG_CXX_LIBRARY = "libc++";
				CLANG_ENABLE_MODULES = YES;
				CLANG_ENABLE_OBJC_ARC = YES;
				CLANG_ENABLE_OBJC_WEAK = YES;
				CLANG_WARN_BLOCK_CAPTURE_AUTORELEASING = YES;
				CLANG_WARN_BOOL_CONVERSION = YES;
				CLANG_WARN_COMMA = YES;
				CLANG_WARN_CONSTANT_CONVERSION = YES;
				CLANG_WARN_DEPRECATED_OBJC_IMPLEMENTATIONS = YES;
				CLANG_WARN_DIRECT_OBJC_ISA_USAGE = YES_ERROR;
				CLANG_WARN_DOCUMENTATION_COMMENTS = YES;
				CLANG_WARN_EMPTY_BODY = YES;
				CLANG_WARN_ENUM_CONVERSION = YES;
				CLANG_WARN_INFINITE_RECURSION = YES;
				CLANG_WARN_INT_CONVERSION = YES;
				CLANG_WARN_NON_LITERAL_NULL_CONVERSION = YES;
				CLANG_WARN_OBJC_IMPLICIT_RETAIN_SELF = YES;
				CLANG_WARN_OBJC_LITERAL_CONVERSION = YES;
				CLANG_WARN_OBJC_ROOT_CLASS = YES_ERROR;
				CLANG_WARN_RANGE_LOOP_ANALYSIS = YES;
				CLANG_WARN_STRICT_PROTOTYPES = YES;
				CLANG_WARN_SUSPICIOUS_MOVE = YES;
				CLANG_WARN_UNGUARDED_AVAILABILITY = YES_AGGRESSIVE;
				CLANG_WARN_UNREACHABLE_CODE = YES;
				CLANG_WARN__DUPLICATE_METHOD_MATCH = YES;
				CODE_SIGN_IDENTITY = "iPhone Developer";
				COPY_PHASE_STRIP = NO;
				DEBUG_INFORMATION_FORMAT = "dwarf-with-dsym";
				ENABLE_NS_ASSERTIONS = NO;
				ENABLE_STRICT_OBJC_MSGSEND = YES;
				GCC_C_LANGUAGE_STANDARD = gnu11;
				GCC_NO_COMMON_BLOCKS = YES;
				GCC_WARN_64_TO_32_BIT_CONVERSION = YES;
				GCC_WARN_ABOUT_RETURN_TYPE = YES_ERROR;
				GCC_WARN_UNDECLARED_SELECTOR = YES;
				GCC_WARN_UNINITIALIZED_AUTOS = YES_AGGRESSIVE;
				GCC_WARN_UNUSED_FUNCTION = YES;
				GCC_WARN_UNUSED_VARIABLE = YES;
				IPHONEOS_DEPLOYMENT_TARGET = 12.1;
				MTL_ENABLE_DEBUG_INFO = NO;
				MTL_FAST_MATH = YES;
				SDKROOT = iphoneos;
				SWIFT_COMPILATION_MODE = wholemodule;
				SWIFT_OPTIMIZATION_LEVEL = "-O";
				VALIDATE_PRODUCT = YES;
			};
			name = Release;
		};
		BFECFE9C220CD6EA001A4ABE /* Debug */ = {
			isa = XCBuildConfiguration;
			baseConfigurationReference = F449324EAF7CDC44C9E50352 /* Pods-RPGCompendium.debug.xcconfig */;
			buildSettings = {
				ASSETCATALOG_COMPILER_APPICON_NAME = AppIcon;
				CODE_SIGN_STYLE = Automatic;
				DEVELOPMENT_TEAM = 2X456QR9DN;
				INFOPLIST_FILE = RPGCompendium/Info.plist;
				LD_RUNPATH_SEARCH_PATHS = (
					"$(inherited)",
					"@executable_path/Frameworks",
				);
				PRODUCT_BUNDLE_IDENTIFIER = Pritesh.RPGCompendium;
				PRODUCT_NAME = "$(TARGET_NAME)";
				SWIFT_VERSION = 4.2;
				TARGETED_DEVICE_FAMILY = "1,2";
			};
			name = Debug;
		};
		BFECFE9D220CD6EA001A4ABE /* Release */ = {
			isa = XCBuildConfiguration;
			baseConfigurationReference = 4CC5A0BEA545055B070E7A5F /* Pods-RPGCompendium.release.xcconfig */;
			buildSettings = {
				ASSETCATALOG_COMPILER_APPICON_NAME = AppIcon;
				CODE_SIGN_STYLE = Automatic;
				DEVELOPMENT_TEAM = 2X456QR9DN;
				INFOPLIST_FILE = RPGCompendium/Info.plist;
				LD_RUNPATH_SEARCH_PATHS = (
					"$(inherited)",
					"@executable_path/Frameworks",
				);
				PRODUCT_BUNDLE_IDENTIFIER = Pritesh.RPGCompendium;
				PRODUCT_NAME = "$(TARGET_NAME)";
				SWIFT_VERSION = 4.2;
				TARGETED_DEVICE_FAMILY = "1,2";
			};
			name = Release;
		};
/* End XCBuildConfiguration section */

/* Begin XCConfigurationList section */
		BFECFE84220CD6E9001A4ABE /* Build configuration list for PBXProject "RPGCompendium" */ = {
			isa = XCConfigurationList;
			buildConfigurations = (
				BFECFE99220CD6EA001A4ABE /* Debug */,
				BFECFE9A220CD6EA001A4ABE /* Release */,
			);
			defaultConfigurationIsVisible = 0;
			defaultConfigurationName = Release;
		};
		BFECFE9B220CD6EA001A4ABE /* Build configuration list for PBXNativeTarget "RPGCompendium" */ = {
			isa = XCConfigurationList;
			buildConfigurations = (
				BFECFE9C220CD6EA001A4ABE /* Debug */,
				BFECFE9D220CD6EA001A4ABE /* Release */,
			);
			defaultConfigurationIsVisible = 0;
			defaultConfigurationName = Release;
		};
/* End XCConfigurationList section */
	};
	rootObject = BFECFE81220CD6E9001A4ABE /* Project object */;
}
